
Microsoft Visual Studio Solution File, Format Version 12.00
# Visual Studio Version 16
VisualStudioVersion = 16.0.31005.135
MinimumVisualStudioVersion = 10.0.40219.1
Project("{FAE04EC0-301F-11D3-BF4B-00C04F79EFBC}") = "BitDefenderChallenge", "BitDefenderChallenge.csproj", "{11109910-3FC7-4992-BCB9-3717AD3A3B37}"
	ProjectSection(ProjectDependencies) = postProject
		{0F6D6CB2-B607-4081-8922-809C0D1FD315} = {0F6D6CB2-B607-4081-8922-809C0D1FD315}
	EndProjectSection
EndProject
Project("{FAE04EC0-301F-11D3-BF4B-00C04F79EFBC}") = "SeleniumFramework", "SeleniumFramework\SeleniumFramework.csproj", "{0F6D6CB2-B607-4081-8922-809C0D1FD315}"
EndProject
Global
	GlobalSection(SolutionConfigurationPlatforms) = preSolution
		Debug|Any CPU = Debug|Any CPU
		Release|Any CPU = Release|Any CPU
	EndGlobalSection
	GlobalSection(ProjectConfigurationPlatforms) = postSolution
		{11109910-3FC7-4992-BCB9-3717AD3A3B37}.Debug|Any CPU.ActiveCfg = Debug|Any CPU
		{11109910-3FC7-4992-BCB9-3717AD3A3B37}.Debug|Any CPU.Build.0 = Debug|Any CPU
		{11109910-3FC7-4992-BCB9-3717AD3A3B37}.Release|Any CPU.ActiveCfg = Release|Any CPU
		{11109910-3FC7-4992-BCB9-3717AD3A3B37}.Release|Any CPU.Build.0 = Release|Any CPU
		{0F6D6CB2-B607-4081-8922-809C0D1FD315}.Debug|Any CPU.ActiveCfg = Debug|Any CPU
		{0F6D6CB2-B607-4081-8922-809C0D1FD315}.Debug|Any CPU.Build.0 = Debug|Any CPU
		{0F6D6CB2-B607-4081-8922-809C0D1FD315}.Release|Any CPU.ActiveCfg = Release|Any CPU
		{0F6D6CB2-B607-4081-8922-809C0D1FD315}.Release|Any CPU.Build.0 = Release|Any CPU
	EndGlobalSection
	GlobalSection(SolutionProperties) = preSolution
		HideSolutionNode = FALSE
	EndGlobalSection
	GlobalSection(ExtensibilityGlobals) = postSolution
		SolutionGuid = {07A517E4-BD1A-4380-BC24-528F59DBD335}
	EndGlobalSection
EndGlobal
